
Microsoft Visual Studio Solution File, Format Version 12.00
# Visual Studio 2012
Project("{FAE04EC0-301F-11D3-BF4B-00C04F79EFBC}") = "routing-building-spa", "routing-building-spa\routing-building-spa.csproj", "{3FC07704-370E-4836-A6A7-4A764BE5D50C}"
EndProject
Global
	GlobalSection(SolutionConfigurationPlatforms) = preSolution
		Debug|Any CPU = Debug|Any CPU
		Release|Any CPU = Release|Any CPU
	EndGlobalSection
	GlobalSection(ProjectConfigurationPlatforms) = postSolution
		{3FC07704-370E-4836-A6A7-4A764BE5D50C}.Debug|Any CPU.ActiveCfg = Debug|Any CPU
		{3FC07704-370E-4836-A6A7-4A764BE5D50C}.Debug|Any CPU.Build.0 = Debug|Any CPU
		{3FC07704-370E-4836-A6A7-4A764BE5D50C}.Release|Any CPU.ActiveCfg = Release|Any CPU
		{3FC07704-370E-4836-A6A7-4A764BE5D50C}.Release|Any CPU.Build.0 = Release|Any CPU
	EndGlobalSection
	GlobalSection(SolutionProperties) = preSolution
		HideSolutionNode = FALSE
	EndGlobalSection
EndGlobal
